
Microsoft Visual Studio Solution File, Format Version 12.00
# Visual Studio Version 17
VisualStudioVersion = 17.11.35222.181
MinimumVisualStudioVersion = 10.0.40219.1
Project("{FAE04EC0-301F-11D3-BF4B-00C04F79EFBC}") = "week8EpicGame", "week8EpicGame\week8EpicGame.csproj", "{9AEF06B3-1119-4113-9E64-AA3BB7A42567}"
EndProject
Global
	GlobalSection(SolutionConfigurationPlatforms) = preSolution
		Debug|Any CPU = Debug|Any CPU
		Release|Any CPU = Release|Any CPU
	EndGlobalSection
	GlobalSection(ProjectConfigurationPlatforms) = postSolution
		{9AEF06B3-1119-4113-9E64-AA3BB7A42567}.Debug|Any CPU.ActiveCfg = Debug|Any CPU
		{9AEF06B3-1119-4113-9E64-AA3BB7A42567}.Debug|Any CPU.Build.0 = Debug|Any CPU
		{9AEF06B3-1119-4113-9E64-AA3BB7A42567}.Release|Any CPU.ActiveCfg = Release|Any CPU
		{9AEF06B3-1119-4113-9E64-AA3BB7A42567}.Release|Any CPU.Build.0 = Release|Any CPU
	EndGlobalSection
	GlobalSection(SolutionProperties) = preSolution
		HideSolutionNode = FALSE
	EndGlobalSection
	GlobalSection(ExtensibilityGlobals) = postSolution
		SolutionGuid = {F26D7A81-695B-4B5E-A88B-7AEFCFF0BD76}
	EndGlobalSection
EndGlobal
